// !$*UTF8*$!
{
	archiveVersion = 1;
	classes = {
	};
	objectVersion = 48;
	objects = {

/* Begin PBXBuildFile section */
		6413B5E520109F6900841524 /* Video.swift in Sources */ = {isa = PBXBuildFile; fileRef = 6413B5E420109F6900841524 /* Video.swift */; };
		6413B5E72011CC2100841524 /* SettingLauncher.swift in Sources */ = {isa = PBXBuildFile; fileRef = 6413B5E62011CC2100841524 /* SettingLauncher.swift */; };
		6413B5E92011D95800841524 /* SettingCell.swift in Sources */ = {isa = PBXBuildFile; fileRef = 6413B5E82011D95800841524 /* SettingCell.swift */; };
		6413B5EC201591BF00841524 /* ApiService.swift in Sources */ = {isa = PBXBuildFile; fileRef = 6413B5EB201591BF00841524 /* ApiService.swift */; };
		6413B5EE2015BA1A00841524 /* FeedCell.swift in Sources */ = {isa = PBXBuildFile; fileRef = 6413B5ED2015BA1A00841524 /* FeedCell.swift */; };
		6413B5F02015C96F00841524 /* TrendingCell.swift in Sources */ = {isa = PBXBuildFile; fileRef = 6413B5EF2015C96F00841524 /* TrendingCell.swift */; };
		6413B5F22015CDC700841524 /* SubscriptionCell.swift in Sources */ = {isa = PBXBuildFile; fileRef = 6413B5F12015CDC700841524 /* SubscriptionCell.swift */; };
		6413B5F42016D5A300841524 /* VideoLauncher.swift in Sources */ = {isa = PBXBuildFile; fileRef = 6413B5F32016D5A300841524 /* VideoLauncher.swift */; };
		6413B5F62016F5D900841524 /* Media.xcassets in Resources */ = {isa = PBXBuildFile; fileRef = 6413B5F52016F5D900841524 /* Media.xcassets */; };
		64847058200F02080003857B /* AppDelegate.swift in Sources */ = {isa = PBXBuildFile; fileRef = 64847057200F02080003857B /* AppDelegate.swift */; };
		6484705A200F02080003857B /* HomeController.swift in Sources */ = {isa = PBXBuildFile; fileRef = 64847059200F02080003857B /* HomeController.swift */; };
		6484705D200F02080003857B /* Main.storyboard in Resources */ = {isa = PBXBuildFile; fileRef = 6484705B200F02080003857B /* Main.storyboard */; };
		64847062200F02080003857B /* LaunchScreen.storyboard in Resources */ = {isa = PBXBuildFile; fileRef = 64847060200F02080003857B /* LaunchScreen.storyboard */; };
		6484706B20105AF30003857B /* Extension.swift in Sources */ = {isa = PBXBuildFile; fileRef = 6484706A20105AF30003857B /* Extension.swift */; };
		6484706E20105B7D0003857B /* VideoCell.swift in Sources */ = {isa = PBXBuildFile; fileRef = 6484706D20105B7D0003857B /* VideoCell.swift */; };
		64847071201076550003857B /* MenuBar.swift in Sources */ = {isa = PBXBuildFile; fileRef = 64847070201076550003857B /* MenuBar.swift */; };
/* End PBXBuildFile section */

/* Begin PBXFileReference section */
		6413B5E420109F6900841524 /* Video.swift */ = {isa = PBXFileReference; lastKnownFileType = sourcecode.swift; path = Video.swift; sourceTree = "<group>"; };
		6413B5E62011CC2100841524 /* SettingLauncher.swift */ = {isa = PBXFileReference; lastKnownFileType = sourcecode.swift; path = SettingLauncher.swift; sourceTree = "<group>"; };
		6413B5E82011D95800841524 /* SettingCell.swift */ = {isa = PBXFileReference; lastKnownFileType = sourcecode.swift; path = SettingCell.swift; sourceTree = "<group>"; };
		6413B5EB201591BF00841524 /* ApiService.swift */ = {isa = PBXFileReference; lastKnownFileType = sourcecode.swift; path = ApiService.swift; sourceTree = "<group>"; };
		6413B5ED2015BA1A00841524 /* FeedCell.swift */ = {isa = PBXFileReference; lastKnownFileType = sourcecode.swift; path = FeedCell.swift; sourceTree = "<group>"; };
		6413B5EF2015C96F00841524 /* TrendingCell.swift */ = {isa = PBXFileReference; lastKnownFileType = sourcecode.swift; path = TrendingCell.swift; sourceTree = "<group>"; };
		6413B5F12015CDC700841524 /* SubscriptionCell.swift */ = {isa = PBXFileReference; lastKnownFileType = sourcecode.swift; path = SubscriptionCell.swift; sourceTree = "<group>"; };
		6413B5F32016D5A300841524 /* VideoLauncher.swift */ = {isa = PBXFileReference; lastKnownFileType = sourcecode.swift; path = VideoLauncher.swift; sourceTree = "<group>"; };
		6413B5F52016F5D900841524 /* Media.xcassets */ = {isa = PBXFileReference; lastKnownFileType = folder.assetcatalog; path = Media.xcassets; sourceTree = "<group>"; };
		64847054200F02080003857B /* Youtube_Clone_v1.app */ = {isa = PBXFileReference; explicitFileType = wrapper.application; includeInIndex = 0; path = Youtube_Clone_v1.app; sourceTree = BUILT_PRODUCTS_DIR; };
		64847057200F02080003857B /* AppDelegate.swift */ = {isa = PBXFileReference; lastKnownFileType = sourcecode.swift; path = AppDelegate.swift; sourceTree = "<group>"; };
		64847059200F02080003857B /* HomeController.swift */ = {isa = PBXFileReference; lastKnownFileType = sourcecode.swift; path = HomeController.swift; sourceTree = "<group>"; };
		6484705C200F02080003857B /* Base */ = {isa = PBXFileReference; lastKnownFileType = file.storyboard; name = Base; path = Base.lproj/Main.storyboard; sourceTree = "<group>"; };
		64847061200F02080003857B /* Base */ = {isa = PBXFileReference; lastKnownFileType = file.storyboard; name = Base; path = Base.lproj/LaunchScreen.storyboard; sourceTree = "<group>"; };
		64847063200F02080003857B /* Info.plist */ = {isa = PBXFileReference; lastKnownFileType = text.plist.xml; path = Info.plist; sourceTree = "<group>"; };
		6484706A20105AF30003857B /* Extension.swift */ = {isa = PBXFileReference; lastKnownFileType = sourcecode.swift; path = Extension.swift; sourceTree = "<group>"; };
		6484706D20105B7D0003857B /* VideoCell.swift */ = {isa = PBXFileReference; lastKnownFileType = sourcecode.swift; path = VideoCell.swift; sourceTree = "<group>"; };
		64847070201076550003857B /* MenuBar.swift */ = {isa = PBXFileReference; lastKnownFileType = sourcecode.swift; path = MenuBar.swift; sourceTree = "<group>"; };
/* End PBXFileReference section */

/* Begin PBXFrameworksBuildPhase section */
		64847051200F02080003857B /* Frameworks */ = {
			isa = PBXFrameworksBuildPhase;
			buildActionMask = 2147483647;
			files = (
			);
			runOnlyForDeploymentPostprocessing = 0;
		};
/* End PBXFrameworksBuildPhase section */

/* Begin PBXGroup section */
		6413B5E320109F5400841524 /* Model */ = {
			isa = PBXGroup;
			children = (
				6413B5E420109F6900841524 /* Video.swift */,
			);
			path = Model;
			sourceTree = "<group>";
		};
		6413B5EA2015919400841524 /* Service */ = {
			isa = PBXGroup;
			children = (
				6413B5EB201591BF00841524 /* ApiService.swift */,
			);
			path = Service;
			sourceTree = "<group>";
		};
		6484704B200F02080003857B = {
			isa = PBXGroup;
			children = (
				64847056200F02080003857B /* Youtube_Clone_v1 */,
				64847055200F02080003857B /* Products */,
			);
			sourceTree = "<group>";
		};
		64847055200F02080003857B /* Products */ = {
			isa = PBXGroup;
			children = (
				64847054200F02080003857B /* Youtube_Clone_v1.app */,
			);
			name = Products;
			sourceTree = "<group>";
		};
		64847056200F02080003857B /* Youtube_Clone_v1 */ = {
			isa = PBXGroup;
			children = (
				6413B5EA2015919400841524 /* Service */,
				6413B5E320109F5400841524 /* Model */,
				6484706C20105B4D0003857B /* View */,
				6484706920105ADA0003857B /* helper */,
				6484706F20105BA80003857B /* Controller */,
				64847057200F02080003857B /* AppDelegate.swift */,
				6484705B200F02080003857B /* Main.storyboard */,
				64847060200F02080003857B /* LaunchScreen.storyboard */,
				64847063200F02080003857B /* Info.plist */,
				6413B5F52016F5D900841524 /* Media.xcassets */,
			);
			path = Youtube_Clone_v1;
			sourceTree = "<group>";
		};
		6484706920105ADA0003857B /* helper */ = {
			isa = PBXGroup;
			children = (
				6484706A20105AF30003857B /* Extension.swift */,
				6413B5F32016D5A300841524 /* VideoLauncher.swift */,
			);
			path = helper;
			sourceTree = "<group>";
		};
		6484706C20105B4D0003857B /* View */ = {
			isa = PBXGroup;
			children = (
				6484706D20105B7D0003857B /* VideoCell.swift */,
				64847070201076550003857B /* MenuBar.swift */,
				6413B5E82011D95800841524 /* SettingCell.swift */,
				6413B5ED2015BA1A00841524 /* FeedCell.swift */,
				6413B5EF2015C96F00841524 /* TrendingCell.swift */,
				6413B5F12015CDC700841524 /* SubscriptionCell.swift */,
			);
			path = View;
			sourceTree = "<group>";
		};
		6484706F20105BA80003857B /* Controller */ = {
			isa = PBXGroup;
			children = (
				64847059200F02080003857B /* HomeController.swift */,
				6413B5E62011CC2100841524 /* SettingLauncher.swift */,
			);
			path = Controller;
			sourceTree = "<group>";
		};
/* End PBXGroup section */

/* Begin PBXNativeTarget section */
		64847053200F02080003857B /* Youtube_Clone_v1 */ = {
			isa = PBXNativeTarget;
			buildConfigurationList = 64847066200F02080003857B /* Build configuration list for PBXNativeTarget "Youtube_Clone_v1" */;
			buildPhases = (
				64847050200F02080003857B /* Sources */,
				64847051200F02080003857B /* Frameworks */,
				64847052200F02080003857B /* Resources */,
			);
			buildRules = (
			);
			dependencies = (
			);
			name = Youtube_Clone_v1;
			productName = Youtube_Clone_v1;
			productReference = 64847054200F02080003857B /* Youtube_Clone_v1.app */;
			productType = "com.apple.product-type.application";
		};
/* End PBXNativeTarget section */

/* Begin PBXProject section */
		6484704C200F02080003857B /* Project object */ = {
			isa = PBXProject;
			attributes = {
				LastSwiftUpdateCheck = 0920;
				LastUpgradeCheck = 0920;
				ORGANIZATIONNAME = "kitiwat chanluthin";
				TargetAttributes = {
					64847053200F02080003857B = {
						CreatedOnToolsVersion = 9.2;
						ProvisioningStyle = Automatic;
					};
				};
			};
			buildConfigurationList = 6484704F200F02080003857B /* Build configuration list for PBXProject "Youtube_Clone_v1" */;
			compatibilityVersion = "Xcode 8.0";
			developmentRegion = en;
			hasScannedForEncodings = 0;
			knownRegions = (
				en,
				Base,
			);
			mainGroup = 6484704B200F02080003857B;
			productRefGroup = 64847055200F02080003857B /* Products */;
			projectDirPath = "";
			projectRoot = "";
			targets = (
				64847053200F02080003857B /* Youtube_Clone_v1 */,
			);
		};
/* End PBXProject section */

/* Begin PBXResourcesBuildPhase section */
		64847052200F02080003857B /* Resources */ = {
			isa = PBXResourcesBuildPhase;
			buildActionMask = 2147483647;
			files = (
				64847062200F02080003857B /* LaunchScreen.storyboard in Resources */,
				6413B5F62016F5D900841524 /* Media.xcassets in Resources */,
				6484705D200F02080003857B /* Main.storyboard in Resources */,
			);
			runOnlyForDeploymentPostprocessing = 0;
		};
/* End PBXResourcesBuildPhase section */

/* Begin PBXSourcesBuildPhase section */
		64847050200F02080003857B /* Sources */ = {
			isa = PBXSourcesBuildPhase;
			buildActionMask = 2147483647;
			files = (
				6413B5E72011CC2100841524 /* SettingLauncher.swift in Sources */,
				6413B5EE2015BA1A00841524 /* FeedCell.swift in Sources */,
				6413B5F02015C96F00841524 /* TrendingCell.swift in Sources */,
				6484706B20105AF30003857B /* Extension.swift in Sources */,
				6413B5E92011D95800841524 /* SettingCell.swift in Sources */,
				6413B5E520109F6900841524 /* Video.swift in Sources */,
				6484706E20105B7D0003857B /* VideoCell.swift in Sources */,
				6413B5F42016D5A300841524 /* VideoLauncher.swift in Sources */,
				6413B5EC201591BF00841524 /* ApiService.swift in Sources */,
				6484705A200F02080003857B /* HomeController.swift in Sources */,
				64847058200F02080003857B /* AppDelegate.swift in Sources */,
				6413B5F22015CDC700841524 /* SubscriptionCell.swift in Sources */,
				64847071201076550003857B /* MenuBar.swift in Sources */,
			);
			runOnlyForDeploymentPostprocessing = 0;
		};
/* End PBXSourcesBuildPhase section */

/* Begin PBXVariantGroup section */
		6484705B200F02080003857B /* Main.storyboard */ = {
			isa = PBXVariantGroup;
			children = (
				6484705C200F02080003857B /* Base */,
			);
			name = Main.storyboard;
			sourceTree = "<group>";
		};
		64847060200F02080003857B /* LaunchScreen.storyboard */ = {
			isa = PBXVariantGroup;
			children = (
				64847061200F02080003857B /* Base */,
			);
			name = LaunchScreen.storyboard;
			sourceTree = "<group>";
		};
/* End PBXVariantGroup section */

/* Begin XCBuildConfiguration section */
		64847064200F02080003857B /* Debug */ = {
			isa = XCBuildConfiguration;
			buildSettings = {
				ALWAYS_SEARCH_USER_PATHS = NO;
				CLANG_ANALYZER_NONNULL = YES;
				CLANG_ANALYZER_NUMBER_OBJECT_CONVERSION = YES_AGGRESSIVE;
				CLANG_CXX_LANGUAGE_STANDARD = "gnu++14";
				CLANG_CXX_LIBRARY = "libc++";
				CLANG_ENABLE_MODULES = YES;
				CLANG_ENABLE_OBJC_ARC = YES;
				CLANG_WARN_BLOCK_CAPTURE_AUTORELEASING = YES;
				CLANG_WARN_BOOL_CONVERSION = YES;
				CLANG_WARN_COMMA = YES;
				CLANG_WARN_CONSTANT_CONVERSION = YES;
				CLANG_WARN_DIRECT_OBJC_ISA_USAGE = YES_ERROR;
				CLANG_WARN_DOCUMENTATION_COMMENTS = YES;
				CLANG_WARN_EMPTY_BODY = YES;
				CLANG_WARN_ENUM_CONVERSION = YES;
				CLANG_WARN_INFINITE_RECURSION = YES;
				CLANG_WARN_INT_CONVERSION = YES;
				CLANG_WARN_NON_LITERAL_NULL_CONVERSION = YES;
				CLANG_WARN_OBJC_LITERAL_CONVERSION = YES;
				CLANG_WARN_OBJC_ROOT_CLASS = YES_ERROR;
				CLANG_WARN_RANGE_LOOP_ANALYSIS = YES;
				CLANG_WARN_STRICT_PROTOTYPES = YES;
				CLANG_WARN_SUSPICIOUS_MOVE = YES;
				CLANG_WARN_UNGUARDED_AVAILABILITY = YES_AGGRESSIVE;
				CLANG_WARN_UNREACHABLE_CODE = YES;
				CLANG_WARN__DUPLICATE_METHOD_MATCH = YES;
				CODE_SIGN_IDENTITY = "iPhone Developer";
				COPY_PHASE_STRIP = NO;
				DEBUG_INFORMATION_FORMAT = dwarf;
				ENABLE_STRICT_OBJC_MSGSEND = YES;
				ENABLE_TESTABILITY = YES;
				GCC_C_LANGUAGE_STANDARD = gnu11;
				GCC_DYNAMIC_NO_PIC = NO;
				GCC_NO_COMMON_BLOCKS = YES;
				GCC_OPTIMIZATION_LEVEL = 0;
				GCC_PREPROCESSOR_DEFINITIONS = (
					"DEBUG=1",
					"$(inherited)",
				);
				GCC_WARN_64_TO_32_BIT_CONVERSION = YES;
				GCC_WARN_ABOUT_RETURN_TYPE = YES_ERROR;
				GCC_WARN_UNDECLARED_SELECTOR = YES;
				GCC_WARN_UNINITIALIZED_AUTOS = YES_AGGRESSIVE;
				GCC_WARN_UNUSED_FUNCTION = YES;
				GCC_WARN_UNUSED_VARIABLE = YES;
				IPHONEOS_DEPLOYMENT_TARGET = 11.2;
				MTL_ENABLE_DEBUG_INFO = YES;
				ONLY_ACTIVE_ARCH = YES;
				SDKROOT = iphoneos;
				SWIFT_ACTIVE_COMPILATION_CONDITIONS = DEBUG;
				SWIFT_OPTIMIZATION_LEVEL = "-Onone";
			};
			name = Debug;
		};
		64847065200F02080003857B /* Release */ = {
			isa = XCBuildConfiguration;
			buildSettings = {
				ALWAYS_SEARCH_USER_PATHS = NO;
				CLANG_ANALYZER_NONNULL = YES;
				CLANG_ANALYZER_NUMBER_OBJECT_CONVERSION = YES_AGGRESSIVE;
				CLANG_CXX_LANGUAGE_STANDARD = "gnu++14";
				CLANG_CXX_LIBRARY = "libc++";
				CLANG_ENABLE_MODULES = YES;
				CLANG_ENABLE_OBJC_ARC = YES;
				CLANG_WARN_BLOCK_CAPTURE_AUTORELEASING = YES;
				CLANG_WARN_BOOL_CONVERSION = YES;
				CLANG_WARN_COMMA = YES;
				CLANG_WARN_CONSTANT_CONVERSION = YES;
				CLANG_WARN_DIRECT_OBJC_ISA_USAGE = YES_ERROR;
				CLANG_WARN_DOCUMENTATION_COMMENTS = YES;
				CLANG_WARN_EMPTY_BODY = YES;
				CLANG_WARN_ENUM_CONVERSION = YES;
				CLANG_WARN_INFINITE_RECURSION = YES;
				CLANG_WARN_INT_CONVERSION = YES;
				CLANG_WARN_NON_LITERAL_NULL_CONVERSION = YES;
				CLANG_WARN_OBJC_LITERAL_CONVERSION = YES;
				CLANG_WARN_OBJC_ROOT_CLASS = YES_ERROR;
				CLANG_WARN_RANGE_LOOP_ANALYSIS = YES;
				CLANG_WARN_STRICT_PROTOTYPES = YES;
				CLANG_WARN_SUSPICIOUS_MOVE = YES;
				CLANG_WARN_UNGUARDED_AVAILABILITY = YES_AGGRESSIVE;
				CLANG_WARN_UNREACHABLE_CODE = YES;
				CLANG_WARN__DUPLICATE_METHOD_MATCH = YES;
				CODE_SIGN_IDENTITY = "iPhone Developer";
				COPY_PHASE_STRIP = NO;
				DEBUG_INFORMATION_FORMAT = "dwarf-with-dsym";
				ENABLE_NS_ASSERTIONS = NO;
				ENABLE_STRICT_OBJC_MSGSEND = YES;
				GCC_C_LANGUAGE_STANDARD = gnu11;
				GCC_NO_COMMON_BLOCKS = YES;
				GCC_WARN_64_TO_32_BIT_CONVERSION = YES;
				GCC_WARN_ABOUT_RETURN_TYPE = YES_ERROR;
				GCC_WARN_UNDECLARED_SELECTOR = YES;
				GCC_WARN_UNINITIALIZED_AUTOS = YES_AGGRESSIVE;
				GCC_WARN_UNUSED_FUNCTION = YES;
				GCC_WARN_UNUSED_VARIABLE = YES;
				IPHONEOS_DEPLOYMENT_TARGET = 11.2;
				MTL_ENABLE_DEBUG_INFO = NO;
				SDKROOT = iphoneos;
				SWIFT_OPTIMIZATION_LEVEL = "-Owholemodule";
				VALIDATE_PRODUCT = YES;
			};
			name = Release;
		};
		64847067200F02080003857B /* Debug */ = {
			isa = XCBuildConfiguration;
			buildSettings = {
				ASSETCATALOG_COMPILER_APPICON_NAME = AppIcon;
				CODE_SIGN_STYLE = Automatic;
				DEVELOPMENT_TEAM = TRJ9QY3S8S;
				INFOPLIST_FILE = Youtube_Clone_v1/Info.plist;
				LD_RUNPATH_SEARCH_PATHS = "$(inherited) @executable_path/Frameworks";
				PRODUCT_BUNDLE_IDENTIFIER = "aure.Youtube-Clone-v1";
				PRODUCT_NAME = "$(TARGET_NAME)";
				SWIFT_VERSION = 4.0;
				TARGETED_DEVICE_FAMILY = "1,2";
			};
			name = Debug;
		};
		64847068200F02080003857B /* Release */ = {
			isa = XCBuildConfiguration;
			buildSettings = {
				ASSETCATALOG_COMPILER_APPICON_NAME = AppIcon;
				CODE_SIGN_STYLE = Automatic;
				DEVELOPMENT_TEAM = TRJ9QY3S8S;
				INFOPLIST_FILE = Youtube_Clone_v1/Info.plist;
				LD_RUNPATH_SEARCH_PATHS = "$(inherited) @executable_path/Frameworks";
				PRODUCT_BUNDLE_IDENTIFIER = "aure.Youtube-Clone-v1";
				PRODUCT_NAME = "$(TARGET_NAME)";
				SWIFT_VERSION = 4.0;
				TARGETED_DEVICE_FAMILY = "1,2";
			};
			name = Release;
		};
/* End XCBuildConfiguration section */

/* Begin XCConfigurationList section */
		6484704F200F02080003857B /* Build configuration list for PBXProject "Youtube_Clone_v1" */ = {
			isa = XCConfigurationList;
			buildConfigurations = (
				64847064200F02080003857B /* Debug */,
				64847065200F02080003857B /* Release */,
			);
			defaultConfigurationIsVisible = 0;
			defaultConfigurationName = Release;
		};
		64847066200F02080003857B /* Build configuration list for PBXNativeTarget "Youtube_Clone_v1" */ = {
			isa = XCConfigurationList;
			buildConfigurations = (
				64847067200F02080003857B /* Debug */,
				64847068200F02080003857B /* Release */,
			);
			defaultConfigurationIsVisible = 0;
			defaultConfigurationName = Release;
		};
/* End XCConfigurationList section */
	};
	rootObject = 6484704C200F02080003857B /* Project object */;
}
